
Microsoft Visual Studio Solution File, Format Version 12.00
# Visual Studio Version 16
VisualStudioVersion = 16.0.31729.503
MinimumVisualStudioVersion = 10.0.40219.1
Project("{8BC9CEB8-8B4A-11D0-8D11-00A0C91BC942}") = "Move Semantics", "Move Semantics\Move Semantics.vcxproj", "{0F31600F-A27B-4ACF-983E-CC010995C808}"
EndProject
Project("{8BC9CEB8-8B4A-11D0-8D11-00A0C91BC942}") = "Elision", "Elision\Elision.vcxproj", "{9412420A-4407-482C-813D-767FEC9C2A83}"
EndProject
Project("{8BC9CEB8-8B4A-11D0-8D11-00A0C91BC942}") = "Using_Move", "Using_Move\Using_Move.vcxproj", "{50302D90-0A12-44A6-9263-C1C0B90E5933}"
EndProject
Global
	GlobalSection(SolutionConfigurationPlatforms) = preSolution
		Debug|x64 = Debug|x64
		Debug|x86 = Debug|x86
		Release|x64 = Release|x64
		Release|x86 = Release|x86
	EndGlobalSection
	GlobalSection(ProjectConfigurationPlatforms) = postSolution
		{0F31600F-A27B-4ACF-983E-CC010995C808}.Debug|x64.ActiveCfg = Debug|x64
		{0F31600F-A27B-4ACF-983E-CC010995C808}.Debug|x64.Build.0 = Debug|x64
		{0F31600F-A27B-4ACF-983E-CC010995C808}.Debug|x86.ActiveCfg = Debug|Win32
		{0F31600F-A27B-4ACF-983E-CC010995C808}.Debug|x86.Build.0 = Debug|Win32
		{0F31600F-A27B-4ACF-983E-CC010995C808}.Release|x64.ActiveCfg = Release|x64
		{0F31600F-A27B-4ACF-983E-CC010995C808}.Release|x64.Build.0 = Release|x64
		{0F31600F-A27B-4ACF-983E-CC010995C808}.Release|x86.ActiveCfg = Release|Win32
		{0F31600F-A27B-4ACF-983E-CC010995C808}.Release|x86.Build.0 = Release|Win32
		{9412420A-4407-482C-813D-767FEC9C2A83}.Debug|x64.ActiveCfg = Debug|x64
		{9412420A-4407-482C-813D-767FEC9C2A83}.Debug|x64.Build.0 = Debug|x64
		{9412420A-4407-482C-813D-767FEC9C2A83}.Debug|x86.ActiveCfg = Debug|Win32
		{9412420A-4407-482C-813D-767FEC9C2A83}.Debug|x86.Build.0 = Debug|Win32
		{9412420A-4407-482C-813D-767FEC9C2A83}.Release|x64.ActiveCfg = Release|x64
		{9412420A-4407-482C-813D-767FEC9C2A83}.Release|x64.Build.0 = Release|x64
		{9412420A-4407-482C-813D-767FEC9C2A83}.Release|x86.ActiveCfg = Release|Win32
		{9412420A-4407-482C-813D-767FEC9C2A83}.Release|x86.Build.0 = Release|Win32
		{50302D90-0A12-44A6-9263-C1C0B90E5933}.Debug|x64.ActiveCfg = Debug|x64
		{50302D90-0A12-44A6-9263-C1C0B90E5933}.Debug|x64.Build.0 = Debug|x64
		{50302D90-0A12-44A6-9263-C1C0B90E5933}.Debug|x86.ActiveCfg = Debug|Win32
		{50302D90-0A12-44A6-9263-C1C0B90E5933}.Debug|x86.Build.0 = Debug|Win32
		{50302D90-0A12-44A6-9263-C1C0B90E5933}.Release|x64.ActiveCfg = Release|x64
		{50302D90-0A12-44A6-9263-C1C0B90E5933}.Release|x64.Build.0 = Release|x64
		{50302D90-0A12-44A6-9263-C1C0B90E5933}.Release|x86.ActiveCfg = Release|Win32
		{50302D90-0A12-44A6-9263-C1C0B90E5933}.Release|x86.Build.0 = Release|Win32
	EndGlobalSection
	GlobalSection(SolutionProperties) = preSolution
		HideSolutionNode = FALSE
	EndGlobalSection
	GlobalSection(ExtensibilityGlobals) = postSolution
		SolutionGuid = {3D3F6B85-FC54-4729-9FB0-C6EE9BF1EE2A}
	EndGlobalSection
EndGlobal
